<Project xmlns="http://schemas.microsoft.com/developer/msbuild/2003">
  <PropertyGroup>
    <ProjectGuid>{4f206385-c253-446e-b839-cb6a9c7b6f8e}</ProjectGuid>
    <MainSource>JAWS.dpr</MainSource>
    <Configuration Condition=" '$(Configuration)' == '' ">Debug</Configuration>
    <Platform Condition=" '$(Platform)' == '' ">AnyCPU</Platform>
    <DCC_DCCCompiler>DCC32</DCC_DCCCompiler>
    <DCC_DependencyCheckOutputName>..\..\..\CPRS-Chart\JAWS Support Files\JAWS.SR</DCC_DependencyCheckOutputName>
  </PropertyGroup>
  <PropertyGroup Condition=" '$(Configuration)|$(Platform)' == 'Release|AnyCPU' ">
    <Version>7.0</Version>
    <DCC_DebugInformation>False</DCC_DebugInformation>
    <DCC_LocalDebugSymbols>False</DCC_LocalDebugSymbols>
    <DCC_SymbolReferenceInfo>0</DCC_SymbolReferenceInfo>
    <DCC_MapFile>3</DCC_MapFile>
    <DCC_ExeOutput>..\..\..\CPRS-Chart\JAWS Support Files</DCC_ExeOutput>
    <DCC_DcuOutput>..\..\..\dcu</DCC_DcuOutput>
    <DCC_ObjOutput>..\..\..\dcu</DCC_ObjOutput>
    <DCC_HppOutput>..\..\..\dcu</DCC_HppOutput>
    <DCC_UnitSearchPath>...;..\;$(BDS)\lib</DCC_UnitSearchPath>
    <DCC_ResourcePath>...;..\;$(BDS)\lib</DCC_ResourcePath>
    <DCC_ObjPath>...;..\;$(BDS)\lib</DCC_ObjPath>
    <DCC_IncludePath>...;..\;$(BDS)\lib</DCC_IncludePath>
    <DCC_Define>RELEASE</DCC_Define>
  </PropertyGroup>
  <PropertyGroup Condition=" '$(Configuration)|$(Platform)' == 'Debug|AnyCPU' ">
    <Version>7.0</Version>
    <DCC_MapFile>3</DCC_MapFile>
    <DCC_ExeOutput>..\..\..\CPRS-Chart\JAWS Support Files</DCC_ExeOutput>
    <DCC_DcuOutput>..\..\..\dcu</DCC_DcuOutput>
    <DCC_ObjOutput>..\..\..\dcu</DCC_ObjOutput>
    <DCC_HppOutput>..\..\..\dcu</DCC_HppOutput>
    <DCC_UnitSearchPath>...;..\;$(BDS)\lib</DCC_UnitSearchPath>
    <DCC_ResourcePath>...;..\;$(BDS)\lib</DCC_ResourcePath>
    <DCC_ObjPath>...;..\;$(BDS)\lib</DCC_ObjPath>
    <DCC_IncludePath>...;..\;$(BDS)\lib</DCC_IncludePath>
    <DCC_Define>DEBUG</DCC_Define>
  </PropertyGroup>
  <ProjectExtensions>
    <Borland.Personality>Delphi.Personality</Borland.Personality>
    <Borland.ProjectType />
    <BorlandProject>
<BorlandProject xmlns=""> <Delphi.Personality>   <Parameters>
      <Parameters Name="HostApplication">D:\perforce\cprs\main\ReaderProblems\FreedomDemo\FreedomDemo.exe</Parameters>
      <Parameters Name="UseLauncher">False</Parameters>
      <Parameters Name="LoadAllSymbols">True</Parameters>
      <Parameters Name="LoadUnspecifiedSymbols">False</Parameters>
    </Parameters>
    <VersionInfo>
      <VersionInfo Name="IncludeVerInfo">True</VersionInfo>
      <VersionInfo Name="AutoIncBuild">False</VersionInfo>
      <VersionInfo Name="MajorVer">1</VersionInfo>
      <VersionInfo Name="MinorVer">10</VersionInfo>
      <VersionInfo Name="Release">0</VersionInfo>
      <VersionInfo Name="Build">0</VersionInfo>
      <VersionInfo Name="Debug">False</VersionInfo>
      <VersionInfo Name="PreRelease">False</VersionInfo>
      <VersionInfo Name="Special">False</VersionInfo>
      <VersionInfo Name="Private">False</VersionInfo>
      <VersionInfo Name="DLL">False</VersionInfo>
      <VersionInfo Name="Locale">1033</VersionInfo>
      <VersionInfo Name="CodePage">1252</VersionInfo>
    </VersionInfo>
    <VersionInfoKeys>
      <VersionInfoKeys Name="CompanyName"></VersionInfoKeys>
      <VersionInfoKeys Name="FileDescription"></VersionInfoKeys>
      <VersionInfoKeys Name="FileVersion">1.10.0.0</VersionInfoKeys>
      <VersionInfoKeys Name="InternalName"></VersionInfoKeys>
      <VersionInfoKeys Name="LegalCopyright"></VersionInfoKeys>
      <VersionInfoKeys Name="LegalTrademarks"></VersionInfoKeys>
      <VersionInfoKeys Name="OriginalFilename"></VersionInfoKeys>
      <VersionInfoKeys Name="ProductName"></VersionInfoKeys>
      <VersionInfoKeys Name="ProductVersion">1.0.0.0</VersionInfoKeys>
      <VersionInfoKeys Name="Comments"></VersionInfoKeys>
    </VersionInfoKeys>
    <Excluded_Packages>
      
      
      <Excluded_Packages Name="D:\perforce\cprs\main\Packages\ORDateLib2006.bpl">CPRS Date/Time Dialogs</Excluded_Packages>
    </Excluded_Packages>
    <Source>
      <Source Name="MainSource">JAWS.dpr</Source>
    </Source>
  </Delphi.Personality> </BorlandProject></BorlandProject>
  </ProjectExtensions>
  <ItemGroup />
  <ItemGroup>
    <DelphiCompile Include="JAWS.dpr">
      <MainSource>MainSource</MainSource>
    </DelphiCompile>
    <DCCReference Include="..\..\VAClasses.pas" />
    <DCCReference Include="..\..\VAUtils.pas" />
    <DCCReference Include="..\VA508AccessibilityConst.pas" />
    <DCCReference Include="FSAPILib_TLB.pas" />
    <DCCReference Include="fVA508HiddenJawsDataWindow.pas">
      <Form>frmVA508HiddenJawsDataWindow</Form>
    </DCCReference>
    <DCCReference Include="fVA508HiddenJawsMainWindow.pas">
      <Form>frmVA508HiddenJawsMainWindow</Form>
    </DCCReference>
    <DCCReference Include="JAWSCommon.pas" />
    <DCCReference Include="JAWSImplementation.pas" />
  </ItemGroup>
  <Import Project="$(MSBuildBinPath)\Borland.Delphi.Targets" />
</Project>